
Microsoft Visual Studio Solution File, Format Version 12.00
# Visual Studio Version 17
VisualStudioVersion = 17.7.34024.191
MinimumVisualStudioVersion = 10.0.40219.1
Project("{FAE04EC0-301F-11D3-BF4B-00C04F79EFBC}") = "Gamee", "ConsoleApp14\Gamee.csproj", "{5460512E-FD84-4C07-9C04-0F6A3EC0C8BC}"
EndProject
Global
	GlobalSection(SolutionConfigurationPlatforms) = preSolution
		Debug|Any CPU = Debug|Any CPU
		Release|Any CPU = Release|Any CPU
	EndGlobalSection
	GlobalSection(ProjectConfigurationPlatforms) = postSolution
		{5460512E-FD84-4C07-9C04-0F6A3EC0C8BC}.Debug|Any CPU.ActiveCfg = Debug|Any CPU
		{5460512E-FD84-4C07-9C04-0F6A3EC0C8BC}.Debug|Any CPU.Build.0 = Debug|Any CPU
		{5460512E-FD84-4C07-9C04-0F6A3EC0C8BC}.Release|Any CPU.ActiveCfg = Release|Any CPU
		{5460512E-FD84-4C07-9C04-0F6A3EC0C8BC}.Release|Any CPU.Build.0 = Release|Any CPU
	EndGlobalSection
	GlobalSection(SolutionProperties) = preSolution
		HideSolutionNode = FALSE
	EndGlobalSection
	GlobalSection(ExtensibilityGlobals) = postSolution
		SolutionGuid = {D4DC4929-3540-430C-9BF7-87EFE7763D0D}
	EndGlobalSection
EndGlobal
